// !$*UTF8*$!
{
	archiveVersion = 1;
	classes = {
	};
	objectVersion = 51;
	objects = {

/* Begin PBXBuildFile section */
		A7EAEB73CD927CEAEC55CC7A /* Pods_AnimationInSwift.framework in Frameworks */ = {isa = PBXBuildFile; fileRef = 37D89D0526E6DD5CDBCBFFE1 /* Pods_AnimationInSwift.framework */; };
		D75710082637F95E002D3E2F /* AppDelegate.swift in Sources */ = {isa = PBXBuildFile; fileRef = D75710072637F95E002D3E2F /* AppDelegate.swift */; };
		D757100A2637F95E002D3E2F /* SceneDelegate.swift in Sources */ = {isa = PBXBuildFile; fileRef = D75710092637F95E002D3E2F /* SceneDelegate.swift */; };
		D757100C2637F95E002D3E2F /* ViewController.swift in Sources */ = {isa = PBXBuildFile; fileRef = D757100B2637F95E002D3E2F /* ViewController.swift */; };
		D757100F2637F95E002D3E2F /* Main.storyboard in Resources */ = {isa = PBXBuildFile; fileRef = D757100D2637F95E002D3E2F /* Main.storyboard */; };
		D75710112637F95F002D3E2F /* Assets.xcassets in Resources */ = {isa = PBXBuildFile; fileRef = D75710102637F95F002D3E2F /* Assets.xcassets */; };
		D75710142637F95F002D3E2F /* LaunchScreen.storyboard in Resources */ = {isa = PBXBuildFile; fileRef = D75710122637F95F002D3E2F /* LaunchScreen.storyboard */; };
		D75710242637FA09002D3E2F /* Animation.swift in Sources */ = {isa = PBXBuildFile; fileRef = D75710232637FA09002D3E2F /* Animation.swift */; };
		D75710292637FEE1002D3E2F /* AnimationInfo.swift in Sources */ = {isa = PBXBuildFile; fileRef = D75710282637FEE0002D3E2F /* AnimationInfo.swift */; };
/* End PBXBuildFile section */

/* Begin PBXFileReference section */
		37D89D0526E6DD5CDBCBFFE1 /* Pods_AnimationInSwift.framework */ = {isa = PBXFileReference; explicitFileType = wrapper.framework; includeInIndex = 0; path = Pods_AnimationInSwift.framework; sourceTree = BUILT_PRODUCTS_DIR; };
		4FBC28EEFCCC6D5F7232BF3B /* Pods-AnimationInSwift.debug.xcconfig */ = {isa = PBXFileReference; includeInIndex = 1; lastKnownFileType = text.xcconfig; name = "Pods-AnimationInSwift.debug.xcconfig"; path = "Target Support Files/Pods-AnimationInSwift/Pods-AnimationInSwift.debug.xcconfig"; sourceTree = "<group>"; };
		865F4B6CA3854C70EA2071A6 /* Pods-AnimationInSwift.release.xcconfig */ = {isa = PBXFileReference; includeInIndex = 1; lastKnownFileType = text.xcconfig; name = "Pods-AnimationInSwift.release.xcconfig"; path = "Target Support Files/Pods-AnimationInSwift/Pods-AnimationInSwift.release.xcconfig"; sourceTree = "<group>"; };
		D75710042637F95E002D3E2F /* AnimationInSwift.app */ = {isa = PBXFileReference; explicitFileType = wrapper.application; includeInIndex = 0; path = AnimationInSwift.app; sourceTree = BUILT_PRODUCTS_DIR; };
		D75710072637F95E002D3E2F /* AppDelegate.swift */ = {isa = PBXFileReference; lastKnownFileType = sourcecode.swift; path = AppDelegate.swift; sourceTree = "<group>"; };
		D75710092637F95E002D3E2F /* SceneDelegate.swift */ = {isa = PBXFileReference; lastKnownFileType = sourcecode.swift; path = SceneDelegate.swift; sourceTree = "<group>"; };
		D757100B2637F95E002D3E2F /* ViewController.swift */ = {isa = PBXFileReference; lastKnownFileType = sourcecode.swift; path = ViewController.swift; sourceTree = "<group>"; };
		D757100E2637F95E002D3E2F /* Base */ = {isa = PBXFileReference; lastKnownFileType = file.storyboard; name = Base; path = Base.lproj/Main.storyboard; sourceTree = "<group>"; };
		D75710102637F95F002D3E2F /* Assets.xcassets */ = {isa = PBXFileReference; lastKnownFileType = folder.assetcatalog; path = Assets.xcassets; sourceTree = "<group>"; };
		D75710132637F95F002D3E2F /* Base */ = {isa = PBXFileReference; lastKnownFileType = file.storyboard; name = Base; path = Base.lproj/LaunchScreen.storyboard; sourceTree = "<group>"; };
		D75710152637F95F002D3E2F /* Info.plist */ = {isa = PBXFileReference; lastKnownFileType = text.plist.xml; path = Info.plist; sourceTree = "<group>"; };
		D75710232637FA09002D3E2F /* Animation.swift */ = {isa = PBXFileReference; lastKnownFileType = sourcecode.swift; path = Animation.swift; sourceTree = "<group>"; };
		D75710282637FEE0002D3E2F /* AnimationInfo.swift */ = {isa = PBXFileReference; lastKnownFileType = sourcecode.swift; path = AnimationInfo.swift; sourceTree = "<group>"; };
/* End PBXFileReference section */

/* Begin PBXFrameworksBuildPhase section */
		D75710012637F95E002D3E2F /* Frameworks */ = {
			isa = PBXFrameworksBuildPhase;
			buildActionMask = 2147483647;
			files = (
				A7EAEB73CD927CEAEC55CC7A /* Pods_AnimationInSwift.framework in Frameworks */,
			);
			runOnlyForDeploymentPostprocessing = 0;
		};
/* End PBXFrameworksBuildPhase section */

/* Begin PBXGroup section */
		761AEB7E042155E2E7D2C0AB /* Pods */ = {
			isa = PBXGroup;
			children = (
				4FBC28EEFCCC6D5F7232BF3B /* Pods-AnimationInSwift.debug.xcconfig */,
				865F4B6CA3854C70EA2071A6 /* Pods-AnimationInSwift.release.xcconfig */,
			);
			path = Pods;
			sourceTree = "<group>";
		};
		D7570FFB2637F95E002D3E2F = {
			isa = PBXGroup;
			children = (
				D75710062637F95E002D3E2F /* AnimationInSwift */,
				D75710052637F95E002D3E2F /* Products */,
				761AEB7E042155E2E7D2C0AB /* Pods */,
				EFB4BEAEE29412453F7B654E /* Frameworks */,
			);
			sourceTree = "<group>";
		};
		D75710052637F95E002D3E2F /* Products */ = {
			isa = PBXGroup;
			children = (
				D75710042637F95E002D3E2F /* AnimationInSwift.app */,
			);
			name = Products;
			sourceTree = "<group>";
		};
		D75710062637F95E002D3E2F /* AnimationInSwift */ = {
			isa = PBXGroup;
			children = (
				D757101E2637F99E002D3E2F /* Models */,
				D757101D2637F990002D3E2F /* ViewControllers */,
				D757101F2637F9A8002D3E2F /* Storyboards */,
				D75710272637FA13002D3E2F /* Managers */,
				D75710212637F9BA002D3E2F /* Resources */,
				D75710202637F9B0002D3E2F /* Supporting */,
			);
			path = AnimationInSwift;
			sourceTree = "<group>";
		};
		D757101D2637F990002D3E2F /* ViewControllers */ = {
			isa = PBXGroup;
			children = (
				D757100B2637F95E002D3E2F /* ViewController.swift */,
			);
			path = ViewControllers;
			sourceTree = "<group>";
		};
		D757101E2637F99E002D3E2F /* Models */ = {
			isa = PBXGroup;
			children = (
				D75710232637FA09002D3E2F /* Animation.swift */,
			);
			path = Models;
			sourceTree = "<group>";
		};
		D757101F2637F9A8002D3E2F /* Storyboards */ = {
			isa = PBXGroup;
			children = (
				D75710122637F95F002D3E2F /* LaunchScreen.storyboard */,
				D757100D2637F95E002D3E2F /* Main.storyboard */,
			);
			path = Storyboards;
			sourceTree = "<group>";
		};
		D75710202637F9B0002D3E2F /* Supporting */ = {
			isa = PBXGroup;
			children = (
				D75710072637F95E002D3E2F /* AppDelegate.swift */,
				D75710092637F95E002D3E2F /* SceneDelegate.swift */,
				D75710152637F95F002D3E2F /* Info.plist */,
			);
			path = Supporting;
			sourceTree = "<group>";
		};
		D75710212637F9BA002D3E2F /* Resources */ = {
			isa = PBXGroup;
			children = (
				D75710102637F95F002D3E2F /* Assets.xcassets */,
			);
			path = Resources;
			sourceTree = "<group>";
		};
		D75710272637FA13002D3E2F /* Managers */ = {
			isa = PBXGroup;
			children = (
				D75710282637FEE0002D3E2F /* AnimationInfo.swift */,
			);
			path = Managers;
			sourceTree = "<group>";
		};
		EFB4BEAEE29412453F7B654E /* Frameworks */ = {
			isa = PBXGroup;
			children = (
				37D89D0526E6DD5CDBCBFFE1 /* Pods_AnimationInSwift.framework */,
			);
			name = Frameworks;
			sourceTree = "<group>";
		};
/* End PBXGroup section */

/* Begin PBXNativeTarget section */
		D75710032637F95E002D3E2F /* AnimationInSwift */ = {
			isa = PBXNativeTarget;
			buildConfigurationList = D75710182637F95F002D3E2F /* Build configuration list for PBXNativeTarget "AnimationInSwift" */;
			buildPhases = (
				CA99150EE12846EF6CD826C2 /* [CP] Check Pods Manifest.lock */,
				D75710002637F95E002D3E2F /* Sources */,
				D75710012637F95E002D3E2F /* Frameworks */,
				D75710022637F95E002D3E2F /* Resources */,
				D99C90773F7B09760E6D0FDA /* [CP] Embed Pods Frameworks */,
			);
			buildRules = (
			);
			dependencies = (
			);
			name = AnimationInSwift;
			productName = AnimationInSwift;
			productReference = D75710042637F95E002D3E2F /* AnimationInSwift.app */;
			productType = "com.apple.product-type.application";
		};
/* End PBXNativeTarget section */

/* Begin PBXProject section */
		D7570FFC2637F95E002D3E2F /* Project object */ = {
			isa = PBXProject;
			attributes = {
				LastSwiftUpdateCheck = 1240;
				LastUpgradeCheck = 1240;
				TargetAttributes = {
					D75710032637F95E002D3E2F = {
						CreatedOnToolsVersion = 12.4;
					};
				};
			};
			buildConfigurationList = D7570FFF2637F95E002D3E2F /* Build configuration list for PBXProject "AnimationInSwift" */;
			compatibilityVersion = "Xcode 9.3";
			developmentRegion = en;
			hasScannedForEncodings = 0;
			knownRegions = (
				en,
				Base,
			);
			mainGroup = D7570FFB2637F95E002D3E2F;
			productRefGroup = D75710052637F95E002D3E2F /* Products */;
			projectDirPath = "";
			projectRoot = "";
			targets = (
				D75710032637F95E002D3E2F /* AnimationInSwift */,
			);
		};
/* End PBXProject section */

/* Begin PBXResourcesBuildPhase section */
		D75710022637F95E002D3E2F /* Resources */ = {
			isa = PBXResourcesBuildPhase;
			buildActionMask = 2147483647;
			files = (
				D75710142637F95F002D3E2F /* LaunchScreen.storyboard in Resources */,
				D75710112637F95F002D3E2F /* Assets.xcassets in Resources */,
				D757100F2637F95E002D3E2F /* Main.storyboard in Resources */,
			);
			runOnlyForDeploymentPostprocessing = 0;
		};
/* End PBXResourcesBuildPhase section */

/* Begin PBXShellScriptBuildPhase section */
		CA99150EE12846EF6CD826C2 /* [CP] Check Pods Manifest.lock */ = {
			isa = PBXShellScriptBuildPhase;
			buildActionMask = 2147483647;
			files = (
			);
			inputFileListPaths = (
			);
			inputPaths = (
				"${PODS_PODFILE_DIR_PATH}/Podfile.lock",
				"${PODS_ROOT}/Manifest.lock",
			);
			name = "[CP] Check Pods Manifest.lock";
			outputFileListPaths = (
			);
			outputPaths = (
				"$(DERIVED_FILE_DIR)/Pods-AnimationInSwift-checkManifestLockResult.txt",
			);
			runOnlyForDeploymentPostprocessing = 0;
			shellPath = /bin/sh;
			shellScript = "diff \"${PODS_PODFILE_DIR_PATH}/Podfile.lock\" \"${PODS_ROOT}/Manifest.lock\" > /dev/null\nif [ $? != 0 ] ; then\n    # print error to STDERR\n    echo \"error: The sandbox is not in sync with the Podfile.lock. Run 'pod install' or update your CocoaPods installation.\" >&2\n    exit 1\nfi\n# This output is used by Xcode 'outputs' to avoid re-running this script phase.\necho \"SUCCESS\" > \"${SCRIPT_OUTPUT_FILE_0}\"\n";
			showEnvVarsInLog = 0;
		};
		D99C90773F7B09760E6D0FDA /* [CP] Embed Pods Frameworks */ = {
			isa = PBXShellScriptBuildPhase;
			buildActionMask = 2147483647;
			files = (
			);
			inputFileListPaths = (
				"${PODS_ROOT}/Target Support Files/Pods-AnimationInSwift/Pods-AnimationInSwift-frameworks-${CONFIGURATION}-input-files.xcfilelist",
			);
			name = "[CP] Embed Pods Frameworks";
			outputFileListPaths = (
				"${PODS_ROOT}/Target Support Files/Pods-AnimationInSwift/Pods-AnimationInSwift-frameworks-${CONFIGURATION}-output-files.xcfilelist",
			);
			runOnlyForDeploymentPostprocessing = 0;
			shellPath = /bin/sh;
			shellScript = "\"${PODS_ROOT}/Target Support Files/Pods-AnimationInSwift/Pods-AnimationInSwift-frameworks.sh\"\n";
			showEnvVarsInLog = 0;
		};
/* End PBXShellScriptBuildPhase section */

/* Begin PBXSourcesBuildPhase section */
		D75710002637F95E002D3E2F /* Sources */ = {
			isa = PBXSourcesBuildPhase;
			buildActionMask = 2147483647;
			files = (
				D75710242637FA09002D3E2F /* Animation.swift in Sources */,
				D75710292637FEE1002D3E2F /* AnimationInfo.swift in Sources */,
				D757100C2637F95E002D3E2F /* ViewController.swift in Sources */,
				D75710082637F95E002D3E2F /* AppDelegate.swift in Sources */,
				D757100A2637F95E002D3E2F /* SceneDelegate.swift in Sources */,
			);
			runOnlyForDeploymentPostprocessing = 0;
		};
/* End PBXSourcesBuildPhase section */

/* Begin PBXVariantGroup section */
		D757100D2637F95E002D3E2F /* Main.storyboard */ = {
			isa = PBXVariantGroup;
			children = (
				D757100E2637F95E002D3E2F /* Base */,
			);
			name = Main.storyboard;
			sourceTree = "<group>";
		};
		D75710122637F95F002D3E2F /* LaunchScreen.storyboard */ = {
			isa = PBXVariantGroup;
			children = (
				D75710132637F95F002D3E2F /* Base */,
			);
			name = LaunchScreen.storyboard;
			sourceTree = "<group>";
		};
/* End PBXVariantGroup section */

/* Begin XCBuildConfiguration section */
		D75710162637F95F002D3E2F /* Debug */ = {
			isa = XCBuildConfiguration;
			buildSettings = {
				ALWAYS_SEARCH_USER_PATHS = NO;
				CLANG_ANALYZER_NONNULL = YES;
				CLANG_ANALYZER_NUMBER_OBJECT_CONVERSION = YES_AGGRESSIVE;
				CLANG_CXX_LANGUAGE_STANDARD = "gnu++14";
				CLANG_CXX_LIBRARY = "libc++";
				CLANG_ENABLE_MODULES = YES;
				CLANG_ENABLE_OBJC_ARC = YES;
				CLANG_ENABLE_OBJC_WEAK = YES;
				CLANG_WARN_BLOCK_CAPTURE_AUTORELEASING = YES;
				CLANG_WARN_BOOL_CONVERSION = YES;
				CLANG_WARN_COMMA = YES;
				CLANG_WARN_CONSTANT_CONVERSION = YES;
				CLANG_WARN_DEPRECATED_OBJC_IMPLEMENTATIONS = YES;
				CLANG_WARN_DIRECT_OBJC_ISA_USAGE = YES_ERROR;
				CLANG_WARN_DOCUMENTATION_COMMENTS = YES;
				CLANG_WARN_EMPTY_BODY = YES;
				CLANG_WARN_ENUM_CONVERSION = YES;
				CLANG_WARN_INFINITE_RECURSION = YES;
				CLANG_WARN_INT_CONVERSION = YES;
				CLANG_WARN_NON_LITERAL_NULL_CONVERSION = YES;
				CLANG_WARN_OBJC_IMPLICIT_RETAIN_SELF = YES;
				CLANG_WARN_OBJC_LITERAL_CONVERSION = YES;
				CLANG_WARN_OBJC_ROOT_CLASS = YES_ERROR;
				CLANG_WARN_QUOTED_INCLUDE_IN_FRAMEWORK_HEADER = YES;
				CLANG_WARN_RANGE_LOOP_ANALYSIS = YES;
				CLANG_WARN_STRICT_PROTOTYPES = YES;
				CLANG_WARN_SUSPICIOUS_MOVE = YES;
				CLANG_WARN_UNGUARDED_AVAILABILITY = YES_AGGRESSIVE;
				CLANG_WARN_UNREACHABLE_CODE = YES;
				CLANG_WARN__DUPLICATE_METHOD_MATCH = YES;
				COPY_PHASE_STRIP = NO;
				DEBUG_INFORMATION_FORMAT = dwarf;
				ENABLE_STRICT_OBJC_MSGSEND = YES;
				ENABLE_TESTABILITY = YES;
				GCC_C_LANGUAGE_STANDARD = gnu11;
				GCC_DYNAMIC_NO_PIC = NO;
				GCC_NO_COMMON_BLOCKS = YES;
				GCC_OPTIMIZATION_LEVEL = 0;
				GCC_PREPROCESSOR_DEFINITIONS = (
					"DEBUG=1",
					"$(inherited)",
				);
				GCC_WARN_64_TO_32_BIT_CONVERSION = YES;
				GCC_WARN_ABOUT_RETURN_TYPE = YES_ERROR;
				GCC_WARN_UNDECLARED_SELECTOR = YES;
				GCC_WARN_UNINITIALIZED_AUTOS = YES_AGGRESSIVE;
				GCC_WARN_UNUSED_FUNCTION = YES;
				GCC_WARN_UNUSED_VARIABLE = YES;
				IPHONEOS_DEPLOYMENT_TARGET = 14.4;
				MTL_ENABLE_DEBUG_INFO = INCLUDE_SOURCE;
				MTL_FAST_MATH = YES;
				ONLY_ACTIVE_ARCH = YES;
				SDKROOT = iphoneos;
				SWIFT_ACTIVE_COMPILATION_CONDITIONS = DEBUG;
				SWIFT_OPTIMIZATION_LEVEL = "-Onone";
			};
			name = Debug;
		};
		D75710172637F95F002D3E2F /* Release */ = {
			isa = XCBuildConfiguration;
			buildSettings = {
				ALWAYS_SEARCH_USER_PATHS = NO;
				CLANG_ANALYZER_NONNULL = YES;
				CLANG_ANALYZER_NUMBER_OBJECT_CONVERSION = YES_AGGRESSIVE;
				CLANG_CXX_LANGUAGE_STANDARD = "gnu++14";
				CLANG_CXX_LIBRARY = "libc++";
				CLANG_ENABLE_MODULES = YES;
				CLANG_ENABLE_OBJC_ARC = YES;
				CLANG_ENABLE_OBJC_WEAK = YES;
				CLANG_WARN_BLOCK_CAPTURE_AUTORELEASING = YES;
				CLANG_WARN_BOOL_CONVERSION = YES;
				CLANG_WARN_COMMA = YES;
				CLANG_WARN_CONSTANT_CONVERSION = YES;
				CLANG_WARN_DEPRECATED_OBJC_IMPLEMENTATIONS = YES;
				CLANG_WARN_DIRECT_OBJC_ISA_USAGE = YES_ERROR;
				CLANG_WARN_DOCUMENTATION_COMMENTS = YES;
				CLANG_WARN_EMPTY_BODY = YES;
				CLANG_WARN_ENUM_CONVERSION = YES;
				CLANG_WARN_INFINITE_RECURSION = YES;
				CLANG_WARN_INT_CONVERSION = YES;
				CLANG_WARN_NON_LITERAL_NULL_CONVERSION = YES;
				CLANG_WARN_OBJC_IMPLICIT_RETAIN_SELF = YES;
				CLANG_WARN_OBJC_LITERAL_CONVERSION = YES;
				CLANG_WARN_OBJC_ROOT_CLASS = YES_ERROR;
				CLANG_WARN_QUOTED_INCLUDE_IN_FRAMEWORK_HEADER = YES;
				CLANG_WARN_RANGE_LOOP_ANALYSIS = YES;
				CLANG_WARN_STRICT_PROTOTYPES = YES;
				CLANG_WARN_SUSPICIOUS_MOVE = YES;
				CLANG_WARN_UNGUARDED_AVAILABILITY = YES_AGGRESSIVE;
				CLANG_WARN_UNREACHABLE_CODE = YES;
				CLANG_WARN__DUPLICATE_METHOD_MATCH = YES;
				COPY_PHASE_STRIP = NO;
				DEBUG_INFORMATION_FORMAT = "dwarf-with-dsym";
				ENABLE_NS_ASSERTIONS = NO;
				ENABLE_STRICT_OBJC_MSGSEND = YES;
				GCC_C_LANGUAGE_STANDARD = gnu11;
				GCC_NO_COMMON_BLOCKS = YES;
				GCC_WARN_64_TO_32_BIT_CONVERSION = YES;
				GCC_WARN_ABOUT_RETURN_TYPE = YES_ERROR;
				GCC_WARN_UNDECLARED_SELECTOR = YES;
				GCC_WARN_UNINITIALIZED_AUTOS = YES_AGGRESSIVE;
				GCC_WARN_UNUSED_FUNCTION = YES;
				GCC_WARN_UNUSED_VARIABLE = YES;
				IPHONEOS_DEPLOYMENT_TARGET = 14.4;
				MTL_ENABLE_DEBUG_INFO = NO;
				MTL_FAST_MATH = YES;
				SDKROOT = iphoneos;
				SWIFT_COMPILATION_MODE = wholemodule;
				SWIFT_OPTIMIZATION_LEVEL = "-O";
				VALIDATE_PRODUCT = YES;
			};
			name = Release;
		};
		D75710192637F95F002D3E2F /* Debug */ = {
			isa = XCBuildConfiguration;
			baseConfigurationReference = 4FBC28EEFCCC6D5F7232BF3B /* Pods-AnimationInSwift.debug.xcconfig */;
			buildSettings = {
				ASSETCATALOG_COMPILER_APPICON_NAME = AppIcon;
				ASSETCATALOG_COMPILER_GLOBAL_ACCENT_COLOR_NAME = AccentColor;
				CODE_SIGN_STYLE = Automatic;
				DEVELOPMENT_TEAM = 3M9TNH7XM2;
				INFOPLIST_FILE = AnimationInSwift/Supporting/Info.plist;
				LD_RUNPATH_SEARCH_PATHS = (
					"$(inherited)",
					"@executable_path/Frameworks",
				);
				PRODUCT_BUNDLE_IDENTIFIER = DevDev.AnimationInSwift;
				PRODUCT_NAME = "$(TARGET_NAME)";
				SWIFT_VERSION = 5.0;
				TARGETED_DEVICE_FAMILY = "1,2";
			};
			name = Debug;
		};
		D757101A2637F95F002D3E2F /* Release */ = {
			isa = XCBuildConfiguration;
			baseConfigurationReference = 865F4B6CA3854C70EA2071A6 /* Pods-AnimationInSwift.release.xcconfig */;
			buildSettings = {
				ASSETCATALOG_COMPILER_APPICON_NAME = AppIcon;
				ASSETCATALOG_COMPILER_GLOBAL_ACCENT_COLOR_NAME = AccentColor;
				CODE_SIGN_STYLE = Automatic;
				DEVELOPMENT_TEAM = 3M9TNH7XM2;
				INFOPLIST_FILE = AnimationInSwift/Supporting/Info.plist;
				LD_RUNPATH_SEARCH_PATHS = (
					"$(inherited)",
					"@executable_path/Frameworks",
				);
				PRODUCT_BUNDLE_IDENTIFIER = DevDev.AnimationInSwift;
				PRODUCT_NAME = "$(TARGET_NAME)";
				SWIFT_VERSION = 5.0;
				TARGETED_DEVICE_FAMILY = "1,2";
			};
			name = Release;
		};
/* End XCBuildConfiguration section */

/* Begin XCConfigurationList section */
		D7570FFF2637F95E002D3E2F /* Build configuration list for PBXProject "AnimationInSwift" */ = {
			isa = XCConfigurationList;
			buildConfigurations = (
				D75710162637F95F002D3E2F /* Debug */,
				D75710172637F95F002D3E2F /* Release */,
			);
			defaultConfigurationIsVisible = 0;
			defaultConfigurationName = Release;
		};
		D75710182637F95F002D3E2F /* Build configuration list for PBXNativeTarget "AnimationInSwift" */ = {
			isa = XCConfigurationList;
			buildConfigurations = (
				D75710192637F95F002D3E2F /* Debug */,
				D757101A2637F95F002D3E2F /* Release */,
			);
			defaultConfigurationIsVisible = 0;
			defaultConfigurationName = Release;
		};
/* End XCConfigurationList section */
	};
	rootObject = D7570FFC2637F95E002D3E2F /* Project object */;
}
